
Microsoft Visual Studio Solution File, Format Version 12.00
# Visual Studio Version 16
VisualStudioVersion = 16.0.30503.244
MinimumVisualStudioVersion = 10.0.40219.1
Project("{8BC9CEB8-8B4A-11D0-8D11-00A0C91BC942}") = "oop lab 2 task 3", "oop lab 2 task 3\oop lab 2 task 3.vcxproj", "{3F519904-F132-4ACE-AD28-FE728BE834F9}"
EndProject
Global
	GlobalSection(SolutionConfigurationPlatforms) = preSolution
		Debug|x64 = Debug|x64
		Debug|x86 = Debug|x86
		Release|x64 = Release|x64
		Release|x86 = Release|x86
	EndGlobalSection
	GlobalSection(ProjectConfigurationPlatforms) = postSolution
		{3F519904-F132-4ACE-AD28-FE728BE834F9}.Debug|x64.ActiveCfg = Debug|x64
		{3F519904-F132-4ACE-AD28-FE728BE834F9}.Debug|x64.Build.0 = Debug|x64
		{3F519904-F132-4ACE-AD28-FE728BE834F9}.Debug|x86.ActiveCfg = Debug|Win32
		{3F519904-F132-4ACE-AD28-FE728BE834F9}.Debug|x86.Build.0 = Debug|Win32
		{3F519904-F132-4ACE-AD28-FE728BE834F9}.Release|x64.ActiveCfg = Release|x64
		{3F519904-F132-4ACE-AD28-FE728BE834F9}.Release|x64.Build.0 = Release|x64
		{3F519904-F132-4ACE-AD28-FE728BE834F9}.Release|x86.ActiveCfg = Release|Win32
		{3F519904-F132-4ACE-AD28-FE728BE834F9}.Release|x86.Build.0 = Release|Win32
	EndGlobalSection
	GlobalSection(SolutionProperties) = preSolution
		HideSolutionNode = FALSE
	EndGlobalSection
	GlobalSection(ExtensibilityGlobals) = postSolution
		SolutionGuid = {CFEE64A9-5343-46CD-8869-0D4DAF88AD39}
	EndGlobalSection
EndGlobal
